// !$*UTF8*$!
{
	archiveVersion = 1;
	classes = {
	};
	objectVersion = 50;
	objects = {

/* Begin PBXBuildFile section */
		AC1FD794216BCD26004B9A60 /* AppDelegate.swift in Sources */ = {isa = PBXBuildFile; fileRef = AC1FD793216BCD26004B9A60 /* AppDelegate.swift */; };
		AC1FD796216BCD26004B9A60 /* ViewController.swift in Sources */ = {isa = PBXBuildFile; fileRef = AC1FD795216BCD26004B9A60 /* ViewController.swift */; };
		AC1FD799216BCD26004B9A60 /* Main.storyboard in Resources */ = {isa = PBXBuildFile; fileRef = AC1FD797216BCD26004B9A60 /* Main.storyboard */; };
		AC1FD79B216BCD27004B9A60 /* Assets.xcassets in Resources */ = {isa = PBXBuildFile; fileRef = AC1FD79A216BCD27004B9A60 /* Assets.xcassets */; };
		AC1FD79E216BCD27004B9A60 /* LaunchScreen.storyboard in Resources */ = {isa = PBXBuildFile; fileRef = AC1FD79C216BCD27004B9A60 /* LaunchScreen.storyboard */; };
		AC1FD7A9216BCD27004B9A60 /* calculadoraTests.swift in Sources */ = {isa = PBXBuildFile; fileRef = AC1FD7A8216BCD27004B9A60 /* calculadoraTests.swift */; };
		AC1FD7B4216BCD28004B9A60 /* calculadoraUITests.swift in Sources */ = {isa = PBXBuildFile; fileRef = AC1FD7B3216BCD28004B9A60 /* calculadoraUITests.swift */; };
/* End PBXBuildFile section */

/* Begin PBXContainerItemProxy section */
		AC1FD7A5216BCD27004B9A60 /* PBXContainerItemProxy */ = {
			isa = PBXContainerItemProxy;
			containerPortal = AC1FD788216BCD26004B9A60 /* Project object */;
			proxyType = 1;
			remoteGlobalIDString = AC1FD78F216BCD26004B9A60;
			remoteInfo = calculadora;
		};
		AC1FD7B0216BCD28004B9A60 /* PBXContainerItemProxy */ = {
			isa = PBXContainerItemProxy;
			containerPortal = AC1FD788216BCD26004B9A60 /* Project object */;
			proxyType = 1;
			remoteGlobalIDString = AC1FD78F216BCD26004B9A60;
			remoteInfo = calculadora;
		};
/* End PBXContainerItemProxy section */

/* Begin PBXFileReference section */
		AC1FD790216BCD26004B9A60 /* calculadora.app */ = {isa = PBXFileReference; explicitFileType = wrapper.application; includeInIndex = 0; path = calculadora.app; sourceTree = BUILT_PRODUCTS_DIR; };
		AC1FD793216BCD26004B9A60 /* AppDelegate.swift */ = {isa = PBXFileReference; lastKnownFileType = sourcecode.swift; path = AppDelegate.swift; sourceTree = "<group>"; };
		AC1FD795216BCD26004B9A60 /* ViewController.swift */ = {isa = PBXFileReference; lastKnownFileType = sourcecode.swift; path = ViewController.swift; sourceTree = "<group>"; };
		AC1FD798216BCD26004B9A60 /* Base */ = {isa = PBXFileReference; lastKnownFileType = file.storyboard; name = Base; path = Base.lproj/Main.storyboard; sourceTree = "<group>"; };
		AC1FD79A216BCD27004B9A60 /* Assets.xcassets */ = {isa = PBXFileReference; lastKnownFileType = folder.assetcatalog; path = Assets.xcassets; sourceTree = "<group>"; };
		AC1FD79D216BCD27004B9A60 /* Base */ = {isa = PBXFileReference; lastKnownFileType = file.storyboard; name = Base; path = Base.lproj/LaunchScreen.storyboard; sourceTree = "<group>"; };
		AC1FD79F216BCD27004B9A60 /* Info.plist */ = {isa = PBXFileReference; lastKnownFileType = text.plist.xml; path = Info.plist; sourceTree = "<group>"; };
		AC1FD7A4216BCD27004B9A60 /* calculadoraTests.xctest */ = {isa = PBXFileReference; explicitFileType = wrapper.cfbundle; includeInIndex = 0; path = calculadoraTests.xctest; sourceTree = BUILT_PRODUCTS_DIR; };
		AC1FD7A8216BCD27004B9A60 /* calculadoraTests.swift */ = {isa = PBXFileReference; lastKnownFileType = sourcecode.swift; path = calculadoraTests.swift; sourceTree = "<group>"; };
		AC1FD7AA216BCD28004B9A60 /* Info.plist */ = {isa = PBXFileReference; lastKnownFileType = text.plist.xml; path = Info.plist; sourceTree = "<group>"; };
		AC1FD7AF216BCD28004B9A60 /* calculadoraUITests.xctest */ = {isa = PBXFileReference; explicitFileType = wrapper.cfbundle; includeInIndex = 0; path = calculadoraUITests.xctest; sourceTree = BUILT_PRODUCTS_DIR; };
		AC1FD7B3216BCD28004B9A60 /* calculadoraUITests.swift */ = {isa = PBXFileReference; lastKnownFileType = sourcecode.swift; path = calculadoraUITests.swift; sourceTree = "<group>"; };
		AC1FD7B5216BCD28004B9A60 /* Info.plist */ = {isa = PBXFileReference; lastKnownFileType = text.plist.xml; path = Info.plist; sourceTree = "<group>"; };
/* End PBXFileReference section */

/* Begin PBXFrameworksBuildPhase section */
		AC1FD78D216BCD26004B9A60 /* Frameworks */ = {
			isa = PBXFrameworksBuildPhase;
			buildActionMask = 2147483647;
			files = (
			);
			runOnlyForDeploymentPostprocessing = 0;
		};
		AC1FD7A1216BCD27004B9A60 /* Frameworks */ = {
			isa = PBXFrameworksBuildPhase;
			buildActionMask = 2147483647;
			files = (
			);
			runOnlyForDeploymentPostprocessing = 0;
		};
		AC1FD7AC216BCD28004B9A60 /* Frameworks */ = {
			isa = PBXFrameworksBuildPhase;
			buildActionMask = 2147483647;
			files = (
			);
			runOnlyForDeploymentPostprocessing = 0;
		};
/* End PBXFrameworksBuildPhase section */

/* Begin PBXGroup section */
		AC1FD787216BCD26004B9A60 = {
			isa = PBXGroup;
			children = (
				AC1FD792216BCD26004B9A60 /* calculadora */,
				AC1FD7A7216BCD27004B9A60 /* calculadoraTests */,
				AC1FD7B2216BCD28004B9A60 /* calculadoraUITests */,
				AC1FD791216BCD26004B9A60 /* Products */,
			);
			sourceTree = "<group>";
		};
		AC1FD791216BCD26004B9A60 /* Products */ = {
			isa = PBXGroup;
			children = (
				AC1FD790216BCD26004B9A60 /* calculadora.app */,
				AC1FD7A4216BCD27004B9A60 /* calculadoraTests.xctest */,
				AC1FD7AF216BCD28004B9A60 /* calculadoraUITests.xctest */,
			);
			name = Products;
			sourceTree = "<group>";
		};
		AC1FD792216BCD26004B9A60 /* calculadora */ = {
			isa = PBXGroup;
			children = (
				AC1FD793216BCD26004B9A60 /* AppDelegate.swift */,
				AC1FD795216BCD26004B9A60 /* ViewController.swift */,
				AC1FD797216BCD26004B9A60 /* Main.storyboard */,
				AC1FD79A216BCD27004B9A60 /* Assets.xcassets */,
				AC1FD79C216BCD27004B9A60 /* LaunchScreen.storyboard */,
				AC1FD79F216BCD27004B9A60 /* Info.plist */,
			);
			path = calculadora;
			sourceTree = "<group>";
		};
		AC1FD7A7216BCD27004B9A60 /* calculadoraTests */ = {
			isa = PBXGroup;
			children = (
				AC1FD7A8216BCD27004B9A60 /* calculadoraTests.swift */,
				AC1FD7AA216BCD28004B9A60 /* Info.plist */,
			);
			path = calculadoraTests;
			sourceTree = "<group>";
		};
		AC1FD7B2216BCD28004B9A60 /* calculadoraUITests */ = {
			isa = PBXGroup;
			children = (
				AC1FD7B3216BCD28004B9A60 /* calculadoraUITests.swift */,
				AC1FD7B5216BCD28004B9A60 /* Info.plist */,
			);
			path = calculadoraUITests;
			sourceTree = "<group>";
		};
/* End PBXGroup section */

/* Begin PBXNativeTarget section */
		AC1FD78F216BCD26004B9A60 /* calculadora */ = {
			isa = PBXNativeTarget;
			buildConfigurationList = AC1FD7B8216BCD28004B9A60 /* Build configuration list for PBXNativeTarget "calculadora" */;
			buildPhases = (
				AC1FD78C216BCD26004B9A60 /* Sources */,
				AC1FD78D216BCD26004B9A60 /* Frameworks */,
				AC1FD78E216BCD26004B9A60 /* Resources */,
			);
			buildRules = (
			);
			dependencies = (
			);
			name = calculadora;
			productName = calculadora;
			productReference = AC1FD790216BCD26004B9A60 /* calculadora.app */;
			productType = "com.apple.product-type.application";
		};
		AC1FD7A3216BCD27004B9A60 /* calculadoraTests */ = {
			isa = PBXNativeTarget;
			buildConfigurationList = AC1FD7BB216BCD28004B9A60 /* Build configuration list for PBXNativeTarget "calculadoraTests" */;
			buildPhases = (
				AC1FD7A0216BCD27004B9A60 /* Sources */,
				AC1FD7A1216BCD27004B9A60 /* Frameworks */,
				AC1FD7A2216BCD27004B9A60 /* Resources */,
			);
			buildRules = (
			);
			dependencies = (
				AC1FD7A6216BCD27004B9A60 /* PBXTargetDependency */,
			);
			name = calculadoraTests;
			productName = calculadoraTests;
			productReference = AC1FD7A4216BCD27004B9A60 /* calculadoraTests.xctest */;
			productType = "com.apple.product-type.bundle.unit-test";
		};
		AC1FD7AE216BCD28004B9A60 /* calculadoraUITests */ = {
			isa = PBXNativeTarget;
			buildConfigurationList = AC1FD7BE216BCD28004B9A60 /* Build configuration list for PBXNativeTarget "calculadoraUITests" */;
			buildPhases = (
				AC1FD7AB216BCD28004B9A60 /* Sources */,
				AC1FD7AC216BCD28004B9A60 /* Frameworks */,
				AC1FD7AD216BCD28004B9A60 /* Resources */,
			);
			buildRules = (
			);
			dependencies = (
				AC1FD7B1216BCD28004B9A60 /* PBXTargetDependency */,
			);
			name = calculadoraUITests;
			productName = calculadoraUITests;
			productReference = AC1FD7AF216BCD28004B9A60 /* calculadoraUITests.xctest */;
			productType = "com.apple.product-type.bundle.ui-testing";
		};
/* End PBXNativeTarget section */

/* Begin PBXProject section */
		AC1FD788216BCD26004B9A60 /* Project object */ = {
			isa = PBXProject;
			attributes = {
				LastSwiftUpdateCheck = 0940;
				LastUpgradeCheck = 0940;
				ORGANIZATIONNAME = "Usuario invitado";
				TargetAttributes = {
					AC1FD78F216BCD26004B9A60 = {
						CreatedOnToolsVersion = 9.4.1;
					};
					AC1FD7A3216BCD27004B9A60 = {
						CreatedOnToolsVersion = 9.4.1;
						TestTargetID = AC1FD78F216BCD26004B9A60;
					};
					AC1FD7AE216BCD28004B9A60 = {
						CreatedOnToolsVersion = 9.4.1;
						TestTargetID = AC1FD78F216BCD26004B9A60;
					};
				};
			};
			buildConfigurationList = AC1FD78B216BCD26004B9A60 /* Build configuration list for PBXProject "calculadora" */;
			compatibilityVersion = "Xcode 9.3";
			developmentRegion = en;
			hasScannedForEncodings = 0;
			knownRegions = (
				en,
				Base,
			);
			mainGroup = AC1FD787216BCD26004B9A60;
			productRefGroup = AC1FD791216BCD26004B9A60 /* Products */;
			projectDirPath = "";
			projectRoot = "";
			targets = (
				AC1FD78F216BCD26004B9A60 /* calculadora */,
				AC1FD7A3216BCD27004B9A60 /* calculadoraTests */,
				AC1FD7AE216BCD28004B9A60 /* calculadoraUITests */,
			);
		};
/* End PBXProject section */

/* Begin PBXResourcesBuildPhase section */
		AC1FD78E216BCD26004B9A60 /* Resources */ = {
			isa = PBXResourcesBuildPhase;
			buildActionMask = 2147483647;
			files = (
				AC1FD79E216BCD27004B9A60 /* LaunchScreen.storyboard in Resources */,
				AC1FD79B216BCD27004B9A60 /* Assets.xcassets in Resources */,
				AC1FD799216BCD26004B9A60 /* Main.storyboard in Resources */,
			);
			runOnlyForDeploymentPostprocessing = 0;
		};
		AC1FD7A2216BCD27004B9A60 /* Resources */ = {
			isa = PBXResourcesBuildPhase;
			buildActionMask = 2147483647;
			files = (
			);
			runOnlyForDeploymentPostprocessing = 0;
		};
		AC1FD7AD216BCD28004B9A60 /* Resources */ = {
			isa = PBXResourcesBuildPhase;
			buildActionMask = 2147483647;
			files = (
			);
			runOnlyForDeploymentPostprocessing = 0;
		};
/* End PBXResourcesBuildPhase section */

/* Begin PBXSourcesBuildPhase section */
		AC1FD78C216BCD26004B9A60 /* Sources */ = {
			isa = PBXSourcesBuildPhase;
			buildActionMask = 2147483647;
			files = (
				AC1FD796216BCD26004B9A60 /* ViewController.swift in Sources */,
				AC1FD794216BCD26004B9A60 /* AppDelegate.swift in Sources */,
			);
			runOnlyForDeploymentPostprocessing = 0;
		};
		AC1FD7A0216BCD27004B9A60 /* Sources */ = {
			isa = PBXSourcesBuildPhase;
			buildActionMask = 2147483647;
			files = (
				AC1FD7A9216BCD27004B9A60 /* calculadoraTests.swift in Sources */,
			);
			runOnlyForDeploymentPostprocessing = 0;
		};
		AC1FD7AB216BCD28004B9A60 /* Sources */ = {
			isa = PBXSourcesBuildPhase;
			buildActionMask = 2147483647;
			files = (
				AC1FD7B4216BCD28004B9A60 /* calculadoraUITests.swift in Sources */,
			);
			runOnlyForDeploymentPostprocessing = 0;
		};
/* End PBXSourcesBuildPhase section */

/* Begin PBXTargetDependency section */
		AC1FD7A6216BCD27004B9A60 /* PBXTargetDependency */ = {
			isa = PBXTargetDependency;
			target = AC1FD78F216BCD26004B9A60 /* calculadora */;
			targetProxy = AC1FD7A5216BCD27004B9A60 /* PBXContainerItemProxy */;
		};
		AC1FD7B1216BCD28004B9A60 /* PBXTargetDependency */ = {
			isa = PBXTargetDependency;
			target = AC1FD78F216BCD26004B9A60 /* calculadora */;
			targetProxy = AC1FD7B0216BCD28004B9A60 /* PBXContainerItemProxy */;
		};
/* End PBXTargetDependency section */

/* Begin PBXVariantGroup section */
		AC1FD797216BCD26004B9A60 /* Main.storyboard */ = {
			isa = PBXVariantGroup;
			children = (
				AC1FD798216BCD26004B9A60 /* Base */,
			);
			name = Main.storyboard;
			sourceTree = "<group>";
		};
		AC1FD79C216BCD27004B9A60 /* LaunchScreen.storyboard */ = {
			isa = PBXVariantGroup;
			children = (
				AC1FD79D216BCD27004B9A60 /* Base */,
			);
			name = LaunchScreen.storyboard;
			sourceTree = "<group>";
		};
/* End PBXVariantGroup section */

/* Begin XCBuildConfiguration section */
		AC1FD7B6216BCD28004B9A60 /* Debug */ = {
			isa = XCBuildConfiguration;
			buildSettings = {
				ALWAYS_SEARCH_USER_PATHS = NO;
				CLANG_ANALYZER_NONNULL = YES;
				CLANG_ANALYZER_NUMBER_OBJECT_CONVERSION = YES_AGGRESSIVE;
				CLANG_CXX_LANGUAGE_STANDARD = "gnu++14";
				CLANG_CXX_LIBRARY = "libc++";
				CLANG_ENABLE_MODULES = YES;
				CLANG_ENABLE_OBJC_ARC = YES;
				CLANG_ENABLE_OBJC_WEAK = YES;
				CLANG_WARN_BLOCK_CAPTURE_AUTORELEASING = YES;
				CLANG_WARN_BOOL_CONVERSION = YES;
				CLANG_WARN_COMMA = YES;
				CLANG_WARN_CONSTANT_CONVERSION = YES;
				CLANG_WARN_DEPRECATED_OBJC_IMPLEMENTATIONS = YES;
				CLANG_WARN_DIRECT_OBJC_ISA_USAGE = YES_ERROR;
				CLANG_WARN_DOCUMENTATION_COMMENTS = YES;
				CLANG_WARN_EMPTY_BODY = YES;
				CLANG_WARN_ENUM_CONVERSION = YES;
				CLANG_WARN_INFINITE_RECURSION = YES;
				CLANG_WARN_INT_CONVERSION = YES;
				CLANG_WARN_NON_LITERAL_NULL_CONVERSION = YES;
				CLANG_WARN_OBJC_IMPLICIT_RETAIN_SELF = YES;
				CLANG_WARN_OBJC_LITERAL_CONVERSION = YES;
				CLANG_WARN_OBJC_ROOT_CLASS = YES_ERROR;
				CLANG_WARN_RANGE_LOOP_ANALYSIS = YES;
				CLANG_WARN_STRICT_PROTOTYPES = YES;
				CLANG_WARN_SUSPICIOUS_MOVE = YES;
				CLANG_WARN_UNGUARDED_AVAILABILITY = YES_AGGRESSIVE;
				CLANG_WARN_UNREACHABLE_CODE = YES;
				CLANG_WARN__DUPLICATE_METHOD_MATCH = YES;
				CODE_SIGN_IDENTITY = "iPhone Developer";
				COPY_PHASE_STRIP = NO;
				DEBUG_INFORMATION_FORMAT = dwarf;
				ENABLE_STRICT_OBJC_MSGSEND = YES;
				ENABLE_TESTABILITY = YES;
				GCC_C_LANGUAGE_STANDARD = gnu11;
				GCC_DYNAMIC_NO_PIC = NO;
				GCC_NO_COMMON_BLOCKS = YES;
				GCC_OPTIMIZATION_LEVEL = 0;
				GCC_PREPROCESSOR_DEFINITIONS = (
					"DEBUG=1",
					"$(inherited)",
				);
				GCC_WARN_64_TO_32_BIT_CONVERSION = YES;
				GCC_WARN_ABOUT_RETURN_TYPE = YES_ERROR;
				GCC_WARN_UNDECLARED_SELECTOR = YES;
				GCC_WARN_UNINITIALIZED_AUTOS = YES_AGGRESSIVE;
				GCC_WARN_UNUSED_FUNCTION = YES;
				GCC_WARN_UNUSED_VARIABLE = YES;
				IPHONEOS_DEPLOYMENT_TARGET = 11.4;
				MTL_ENABLE_DEBUG_INFO = YES;
				ONLY_ACTIVE_ARCH = YES;
				SDKROOT = iphoneos;
				SWIFT_ACTIVE_COMPILATION_CONDITIONS = DEBUG;
				SWIFT_OPTIMIZATION_LEVEL = "-Onone";
			};
			name = Debug;
		};
		AC1FD7B7216BCD28004B9A60 /* Release */ = {
			isa = XCBuildConfiguration;
			buildSettings = {
				ALWAYS_SEARCH_USER_PATHS = NO;
				CLANG_ANALYZER_NONNULL = YES;
				CLANG_ANALYZER_NUMBER_OBJECT_CONVERSION = YES_AGGRESSIVE;
				CLANG_CXX_LANGUAGE_STANDARD = "gnu++14";
				CLANG_CXX_LIBRARY = "libc++";
				CLANG_ENABLE_MODULES = YES;
				CLANG_ENABLE_OBJC_ARC = YES;
				CLANG_ENABLE_OBJC_WEAK = YES;
				CLANG_WARN_BLOCK_CAPTURE_AUTORELEASING = YES;
				CLANG_WARN_BOOL_CONVERSION = YES;
				CLANG_WARN_COMMA = YES;
				CLANG_WARN_CONSTANT_CONVERSION = YES;
				CLANG_WARN_DEPRECATED_OBJC_IMPLEMENTATIONS = YES;
				CLANG_WARN_DIRECT_OBJC_ISA_USAGE = YES_ERROR;
				CLANG_WARN_DOCUMENTATION_COMMENTS = YES;
				CLANG_WARN_EMPTY_BODY = YES;
				CLANG_WARN_ENUM_CONVERSION = YES;
				CLANG_WARN_INFINITE_RECURSION = YES;
				CLANG_WARN_INT_CONVERSION = YES;
				CLANG_WARN_NON_LITERAL_NULL_CONVERSION = YES;
				CLANG_WARN_OBJC_IMPLICIT_RETAIN_SELF = YES;
				CLANG_WARN_OBJC_LITERAL_CONVERSION = YES;
				CLANG_WARN_OBJC_ROOT_CLASS = YES_ERROR;
				CLANG_WARN_RANGE_LOOP_ANALYSIS = YES;
				CLANG_WARN_STRICT_PROTOTYPES = YES;
				CLANG_WARN_SUSPICIOUS_MOVE = YES;
				CLANG_WARN_UNGUARDED_AVAILABILITY = YES_AGGRESSIVE;
				CLANG_WARN_UNREACHABLE_CODE = YES;
				CLANG_WARN__DUPLICATE_METHOD_MATCH = YES;
				CODE_SIGN_IDENTITY = "iPhone Developer";
				COPY_PHASE_STRIP = NO;
				DEBUG_INFORMATION_FORMAT = "dwarf-with-dsym";
				ENABLE_NS_ASSERTIONS = NO;
				ENABLE_STRICT_OBJC_MSGSEND = YES;
				GCC_C_LANGUAGE_STANDARD = gnu11;
				GCC_NO_COMMON_BLOCKS = YES;
				GCC_WARN_64_TO_32_BIT_CONVERSION = YES;
				GCC_WARN_ABOUT_RETURN_TYPE = YES_ERROR;
				GCC_WARN_UNDECLARED_SELECTOR = YES;
				GCC_WARN_UNINITIALIZED_AUTOS = YES_AGGRESSIVE;
				GCC_WARN_UNUSED_FUNCTION = YES;
				GCC_WARN_UNUSED_VARIABLE = YES;
				IPHONEOS_DEPLOYMENT_TARGET = 11.4;
				MTL_ENABLE_DEBUG_INFO = NO;
				SDKROOT = iphoneos;
				SWIFT_COMPILATION_MODE = wholemodule;
				SWIFT_OPTIMIZATION_LEVEL = "-O";
				VALIDATE_PRODUCT = YES;
			};
			name = Release;
		};
		AC1FD7B9216BCD28004B9A60 /* Debug */ = {
			isa = XCBuildConfiguration;
			buildSettings = {
				ASSETCATALOG_COMPILER_APPICON_NAME = AppIcon;
				CODE_SIGN_STYLE = Automatic;
				INFOPLIST_FILE = calculadora/Info.plist;
				LD_RUNPATH_SEARCH_PATHS = (
					"$(inherited)",
					"@executable_path/Frameworks",
				);
				PRODUCT_BUNDLE_IDENTIFIER = julian.calculadora;
				PRODUCT_NAME = "$(TARGET_NAME)";
				SWIFT_VERSION = 4.0;
				TARGETED_DEVICE_FAMILY = "1,2";
			};
			name = Debug;
		};
		AC1FD7BA216BCD28004B9A60 /* Release */ = {
			isa = XCBuildConfiguration;
			buildSettings = {
				ASSETCATALOG_COMPILER_APPICON_NAME = AppIcon;
				CODE_SIGN_STYLE = Automatic;
				INFOPLIST_FILE = calculadora/Info.plist;
				LD_RUNPATH_SEARCH_PATHS = (
					"$(inherited)",
					"@executable_path/Frameworks",
				);
				PRODUCT_BUNDLE_IDENTIFIER = julian.calculadora;
				PRODUCT_NAME = "$(TARGET_NAME)";
				SWIFT_VERSION = 4.0;
				TARGETED_DEVICE_FAMILY = "1,2";
			};
			name = Release;
		};
		AC1FD7BC216BCD28004B9A60 /* Debug */ = {
			isa = XCBuildConfiguration;
			buildSettings = {
				ALWAYS_EMBED_SWIFT_STANDARD_LIBRARIES = YES;
				BUNDLE_LOADER = "$(TEST_HOST)";
				CODE_SIGN_STYLE = Automatic;
				INFOPLIST_FILE = calculadoraTests/Info.plist;
				LD_RUNPATH_SEARCH_PATHS = (
					"$(inherited)",
					"@executable_path/Frameworks",
					"@loader_path/Frameworks",
				);
				PRODUCT_BUNDLE_IDENTIFIER = julian.calculadoraTests;
				PRODUCT_NAME = "$(TARGET_NAME)";
				SWIFT_VERSION = 4.0;
				TARGETED_DEVICE_FAMILY = "1,2";
				TEST_HOST = "$(BUILT_PRODUCTS_DIR)/calculadora.app/calculadora";
			};
			name = Debug;
		};
		AC1FD7BD216BCD28004B9A60 /* Release */ = {
			isa = XCBuildConfiguration;
			buildSettings = {
				ALWAYS_EMBED_SWIFT_STANDARD_LIBRARIES = YES;
				BUNDLE_LOADER = "$(TEST_HOST)";
				CODE_SIGN_STYLE = Automatic;
				INFOPLIST_FILE = calculadoraTests/Info.plist;
				LD_RUNPATH_SEARCH_PATHS = (
					"$(inherited)",
					"@executable_path/Frameworks",
					"@loader_path/Frameworks",
				);
				PRODUCT_BUNDLE_IDENTIFIER = julian.calculadoraTests;
				PRODUCT_NAME = "$(TARGET_NAME)";
				SWIFT_VERSION = 4.0;
				TARGETED_DEVICE_FAMILY = "1,2";
				TEST_HOST = "$(BUILT_PRODUCTS_DIR)/calculadora.app/calculadora";
			};
			name = Release;
		};
		AC1FD7BF216BCD28004B9A60 /* Debug */ = {
			isa = XCBuildConfiguration;
			buildSettings = {
				ALWAYS_EMBED_SWIFT_STANDARD_LIBRARIES = YES;
				CODE_SIGN_STYLE = Automatic;
				INFOPLIST_FILE = calculadoraUITests/Info.plist;
				LD_RUNPATH_SEARCH_PATHS = (
					"$(inherited)",
					"@executable_path/Frameworks",
					"@loader_path/Frameworks",
				);
				PRODUCT_BUNDLE_IDENTIFIER = julian.calculadoraUITests;
				PRODUCT_NAME = "$(TARGET_NAME)";
				SWIFT_VERSION = 4.0;
				TARGETED_DEVICE_FAMILY = "1,2";
				TEST_TARGET_NAME = calculadora;
			};
			name = Debug;
		};
		AC1FD7C0216BCD28004B9A60 /* Release */ = {
			isa = XCBuildConfiguration;
			buildSettings = {
				ALWAYS_EMBED_SWIFT_STANDARD_LIBRARIES = YES;
				CODE_SIGN_STYLE = Automatic;
				INFOPLIST_FILE = calculadoraUITests/Info.plist;
				LD_RUNPATH_SEARCH_PATHS = (
					"$(inherited)",
					"@executable_path/Frameworks",
					"@loader_path/Frameworks",
				);
				PRODUCT_BUNDLE_IDENTIFIER = julian.calculadoraUITests;
				PRODUCT_NAME = "$(TARGET_NAME)";
				SWIFT_VERSION = 4.0;
				TARGETED_DEVICE_FAMILY = "1,2";
				TEST_TARGET_NAME = calculadora;
			};
			name = Release;
		};
/* End XCBuildConfiguration section */

/* Begin XCConfigurationList section */
		AC1FD78B216BCD26004B9A60 /* Build configuration list for PBXProject "calculadora" */ = {
			isa = XCConfigurationList;
			buildConfigurations = (
				AC1FD7B6216BCD28004B9A60 /* Debug */,
				AC1FD7B7216BCD28004B9A60 /* Release */,
			);
			defaultConfigurationIsVisible = 0;
			defaultConfigurationName = Release;
		};
		AC1FD7B8216BCD28004B9A60 /* Build configuration list for PBXNativeTarget "calculadora" */ = {
			isa = XCConfigurationList;
			buildConfigurations = (
				AC1FD7B9216BCD28004B9A60 /* Debug */,
				AC1FD7BA216BCD28004B9A60 /* Release */,
			);
			defaultConfigurationIsVisible = 0;
			defaultConfigurationName = Release;
		};
		AC1FD7BB216BCD28004B9A60 /* Build configuration list for PBXNativeTarget "calculadoraTests" */ = {
			isa = XCConfigurationList;
			buildConfigurations = (
				AC1FD7BC216BCD28004B9A60 /* Debug */,
				AC1FD7BD216BCD28004B9A60 /* Release */,
			);
			defaultConfigurationIsVisible = 0;
			defaultConfigurationName = Release;
		};
		AC1FD7BE216BCD28004B9A60 /* Build configuration list for PBXNativeTarget "calculadoraUITests" */ = {
			isa = XCConfigurationList;
			buildConfigurations = (
				AC1FD7BF216BCD28004B9A60 /* Debug */,
				AC1FD7C0216BCD28004B9A60 /* Release */,
			);
			defaultConfigurationIsVisible = 0;
			defaultConfigurationName = Release;
		};
/* End XCConfigurationList section */
	};
	rootObject = AC1FD788216BCD26004B9A60 /* Project object */;
}
